
Microsoft Visual Studio Solution File, Format Version 12.00
# Visual Studio Version 16
VisualStudioVersion = 16.0.30523.141
MinimumVisualStudioVersion = 10.0.40219.1
Project("{FAE04EC0-301F-11D3-BF4B-00C04F79EFBC}") = "MSPMeetup.BlockEditor", "MSPMeetup.BlockEditor\MSPMeetup.BlockEditor.csproj", "{C14D4DCC-3732-461A-AD33-ED8E57EE8341}"
EndProject
Global
	GlobalSection(SolutionConfigurationPlatforms) = preSolution
		Debug|Any CPU = Debug|Any CPU
		Release|Any CPU = Release|Any CPU
	EndGlobalSection
	GlobalSection(ProjectConfigurationPlatforms) = postSolution
		{C14D4DCC-3732-461A-AD33-ED8E57EE8341}.Debug|Any CPU.ActiveCfg = Debug|Any CPU
		{C14D4DCC-3732-461A-AD33-ED8E57EE8341}.Debug|Any CPU.Build.0 = Debug|Any CPU
		{C14D4DCC-3732-461A-AD33-ED8E57EE8341}.Release|Any CPU.ActiveCfg = Release|Any CPU
		{C14D4DCC-3732-461A-AD33-ED8E57EE8341}.Release|Any CPU.Build.0 = Release|Any CPU
	EndGlobalSection
	GlobalSection(SolutionProperties) = preSolution
		HideSolutionNode = FALSE
	EndGlobalSection
	GlobalSection(ExtensibilityGlobals) = postSolution
		SolutionGuid = {63C527CE-8A27-421D-8105-7B64F83E271C}
	EndGlobalSection
EndGlobal
